
Microsoft Visual Studio Solution File, Format Version 12.00
# Visual Studio 14
VisualStudioVersion = 14.0.25420.1
MinimumVisualStudioVersion = 10.0.40219.1
Project("{2150E333-8FDC-42A3-9474-1A3956D46DE8}") = "Client", "Client", "{F7687F2C-7863-49FB-9D42-1BAB8D3EFB49}"
EndProject
Project("{2150E333-8FDC-42A3-9474-1A3956D46DE8}") = "Server", "Server", "{743FDC55-9D07-42D4-8B14-2E8B6C12BAD6}"
EndProject
Project("{FAE04EC0-301F-11D3-BF4B-00C04F79EFBC}") = "LiveChat.Client", "Client\LiveChat.Client\LiveChat.Client.csproj", "{B3CE8011-6E5C-41E2-AFB7-D6773B07C18C}"
EndProject
Project("{2150E333-8FDC-42A3-9474-1A3956D46DE8}") = "Web", "Web", "{E5C5B3F7-D871-4BE1-A5D4-0944540FAB76}"
EndProject
Project("{2150E333-8FDC-42A3-9474-1A3956D46DE8}") = "Common", "Common", "{FC2F1839-68FF-4E6D-BDD4-F17F97757183}"
EndProject
Project("{2150E333-8FDC-42A3-9474-1A3956D46DE8}") = "Services", "Services", "{508BE910-5B40-43F9-A539-EE5FD1AFE223}"
EndProject
Project("{2150E333-8FDC-42A3-9474-1A3956D46DE8}") = "Data", "Data", "{FD61E717-66F5-4BDE-B2FE-7F70F4C0D478}"
EndProject
Project("{2150E333-8FDC-42A3-9474-1A3956D46DE8}") = "Solution Items", "Solution Items", "{AAE77B7E-72C2-4AA6-88E7-672E33EDBA4F}"
	ProjectSection(SolutionItems) = preProject
		global.json = global.json
	EndProjectSection
EndProject
Project("{FAE04EC0-301F-11D3-BF4B-00C04F79EFBC}") = "LiveChat.Server.Common", "Server\Common\LiveChat.Server.Common\LiveChat.Server.Common.csproj", "{2B5248AB-F81E-4C20-914C-899112381C25}"
EndProject
Project("{FAE04EC0-301F-11D3-BF4B-00C04F79EFBC}") = "LiveChat.Server.Data", "Server\Data\LiveChat.Server.Data\LiveChat.Server.Data.csproj", "{B9E10A05-C4E7-4EAA-8FED-2D9784CAE084}"
EndProject
Project("{FAE04EC0-301F-11D3-BF4B-00C04F79EFBC}") = "LiveChat.Server.Data.Models", "Server\Data\LiveChat.Server.Data.Models\LiveChat.Server.Data.Models.csproj", "{5F06D7A9-7875-4737-91A9-79FB4DB0C313}"
EndProject
Project("{FAE04EC0-301F-11D3-BF4B-00C04F79EFBC}") = "LiveChat.Server.Services", "Server\Services\LiveChat.Server.Services\LiveChat.Server.Services.csproj", "{9D185A42-AEB7-4578-8A8C-5304FF5BC5DD}"
EndProject
Project("{FAE04EC0-301F-11D3-BF4B-00C04F79EFBC}") = "LiveChat.Server.Web.Infrastructure", "Server\Web\LiveChat.Server.Web.Infrastructure\LiveChat.Server.Web.Infrastructure.csproj", "{572264CA-9118-4D29-A097-D2065C0099F2}"
EndProject
Project("{FAE04EC0-301F-11D3-BF4B-00C04F79EFBC}") = "LiveChat.Server.Web", "Server\Web\LiveChat.Server.Web\LiveChat.Server.Web.csproj", "{C74ADFB9-FEA3-4485-8CF0-54F5F73FEA4C}"
EndProject
Global
	GlobalSection(SolutionConfigurationPlatforms) = preSolution
		Debug|Any CPU = Debug|Any CPU
		Release|Any CPU = Release|Any CPU
	EndGlobalSection
	GlobalSection(ProjectConfigurationPlatforms) = postSolution
		{B3CE8011-6E5C-41E2-AFB7-D6773B07C18C}.Debug|Any CPU.ActiveCfg = Debug|Any CPU
		{B3CE8011-6E5C-41E2-AFB7-D6773B07C18C}.Debug|Any CPU.Build.0 = Debug|Any CPU
		{B3CE8011-6E5C-41E2-AFB7-D6773B07C18C}.Release|Any CPU.ActiveCfg = Release|Any CPU
		{B3CE8011-6E5C-41E2-AFB7-D6773B07C18C}.Release|Any CPU.Build.0 = Release|Any CPU
		{2B5248AB-F81E-4C20-914C-899112381C25}.Debug|Any CPU.ActiveCfg = Debug|Any CPU
		{2B5248AB-F81E-4C20-914C-899112381C25}.Debug|Any CPU.Build.0 = Debug|Any CPU
		{2B5248AB-F81E-4C20-914C-899112381C25}.Release|Any CPU.ActiveCfg = Release|Any CPU
		{2B5248AB-F81E-4C20-914C-899112381C25}.Release|Any CPU.Build.0 = Release|Any CPU
		{B9E10A05-C4E7-4EAA-8FED-2D9784CAE084}.Debug|Any CPU.ActiveCfg = Debug|Any CPU
		{B9E10A05-C4E7-4EAA-8FED-2D9784CAE084}.Debug|Any CPU.Build.0 = Debug|Any CPU
		{B9E10A05-C4E7-4EAA-8FED-2D9784CAE084}.Release|Any CPU.ActiveCfg = Release|Any CPU
		{B9E10A05-C4E7-4EAA-8FED-2D9784CAE084}.Release|Any CPU.Build.0 = Release|Any CPU
		{5F06D7A9-7875-4737-91A9-79FB4DB0C313}.Debug|Any CPU.ActiveCfg = Debug|Any CPU
		{5F06D7A9-7875-4737-91A9-79FB4DB0C313}.Debug|Any CPU.Build.0 = Debug|Any CPU
		{5F06D7A9-7875-4737-91A9-79FB4DB0C313}.Release|Any CPU.ActiveCfg = Release|Any CPU
		{5F06D7A9-7875-4737-91A9-79FB4DB0C313}.Release|Any CPU.Build.0 = Release|Any CPU
		{9D185A42-AEB7-4578-8A8C-5304FF5BC5DD}.Debug|Any CPU.ActiveCfg = Debug|Any CPU
		{9D185A42-AEB7-4578-8A8C-5304FF5BC5DD}.Debug|Any CPU.Build.0 = Debug|Any CPU
		{9D185A42-AEB7-4578-8A8C-5304FF5BC5DD}.Release|Any CPU.ActiveCfg = Release|Any CPU
		{9D185A42-AEB7-4578-8A8C-5304FF5BC5DD}.Release|Any CPU.Build.0 = Release|Any CPU
		{572264CA-9118-4D29-A097-D2065C0099F2}.Debug|Any CPU.ActiveCfg = Debug|Any CPU
		{572264CA-9118-4D29-A097-D2065C0099F2}.Debug|Any CPU.Build.0 = Debug|Any CPU
		{572264CA-9118-4D29-A097-D2065C0099F2}.Release|Any CPU.ActiveCfg = Release|Any CPU
		{572264CA-9118-4D29-A097-D2065C0099F2}.Release|Any CPU.Build.0 = Release|Any CPU
		{C74ADFB9-FEA3-4485-8CF0-54F5F73FEA4C}.Debug|Any CPU.ActiveCfg = Debug|Any CPU
		{C74ADFB9-FEA3-4485-8CF0-54F5F73FEA4C}.Debug|Any CPU.Build.0 = Debug|Any CPU
		{C74ADFB9-FEA3-4485-8CF0-54F5F73FEA4C}.Release|Any CPU.ActiveCfg = Release|Any CPU
		{C74ADFB9-FEA3-4485-8CF0-54F5F73FEA4C}.Release|Any CPU.Build.0 = Release|Any CPU
	EndGlobalSection
	GlobalSection(SolutionProperties) = preSolution
		HideSolutionNode = FALSE
	EndGlobalSection
	GlobalSection(NestedProjects) = preSolution
		{B3CE8011-6E5C-41E2-AFB7-D6773B07C18C} = {F7687F2C-7863-49FB-9D42-1BAB8D3EFB49}
		{E5C5B3F7-D871-4BE1-A5D4-0944540FAB76} = {743FDC55-9D07-42D4-8B14-2E8B6C12BAD6}
		{FC2F1839-68FF-4E6D-BDD4-F17F97757183} = {743FDC55-9D07-42D4-8B14-2E8B6C12BAD6}
		{508BE910-5B40-43F9-A539-EE5FD1AFE223} = {743FDC55-9D07-42D4-8B14-2E8B6C12BAD6}
		{FD61E717-66F5-4BDE-B2FE-7F70F4C0D478} = {743FDC55-9D07-42D4-8B14-2E8B6C12BAD6}
		{2B5248AB-F81E-4C20-914C-899112381C25} = {FC2F1839-68FF-4E6D-BDD4-F17F97757183}
		{B9E10A05-C4E7-4EAA-8FED-2D9784CAE084} = {FD61E717-66F5-4BDE-B2FE-7F70F4C0D478}
		{5F06D7A9-7875-4737-91A9-79FB4DB0C313} = {FD61E717-66F5-4BDE-B2FE-7F70F4C0D478}
		{9D185A42-AEB7-4578-8A8C-5304FF5BC5DD} = {508BE910-5B40-43F9-A539-EE5FD1AFE223}
		{572264CA-9118-4D29-A097-D2065C0099F2} = {E5C5B3F7-D871-4BE1-A5D4-0944540FAB76}
		{C74ADFB9-FEA3-4485-8CF0-54F5F73FEA4C} = {E5C5B3F7-D871-4BE1-A5D4-0944540FAB76}
	EndGlobalSection
EndGlobal
